# This file was autogenerated by Stack.
# You should not edit this file by hand.
# For more information, please see the documentation at:
#   https://docs.haskellstack.org/en/stable/lock_files

packages: []
snapshots:
- completed:
    size: 577620
    url: https://raw.githubusercontent.com/commercialhaskell/stackage-snapshots/master/nightly/2021/8/28.yaml
    sha256: 6f9cf32eb0b7a36e6109f31c0779a3b26c9f310d7b854643f21cc2facf86bb83
  original: nightly-2021-08-28
